
Microsoft Visual Studio Solution File, Format Version 12.00
# Visual Studio Version 17
VisualStudioVersion = 17.5.33424.131
MinimumVisualStudioVersion = 10.0.40219.1
Project("{9A19103F-16F7-4668-BE54-9A1E7A4F7556}") = "Data", "Data\Data.csproj", "{82D7ACFF-C594-4062-9B56-B19EC5458168}"
EndProject
Project("{9A19103F-16F7-4668-BE54-9A1E7A4F7556}") = "View", "View\View.csproj", "{8008C85C-ECC7-47D8-911C-02D1223EF0B2}"
EndProject
Project("{9A19103F-16F7-4668-BE54-9A1E7A4F7556}") = "Logic", "Logic\Logic.csproj", "{D0FA6D12-A106-43C9-81A8-A317A9C7987E}"
EndProject
Project("{9A19103F-16F7-4668-BE54-9A1E7A4F7556}") = "Model", "Model\Model.csproj", "{F24BD2E7-FAA2-427B-ABEA-02D1243273AA}"
EndProject
Project("{9A19103F-16F7-4668-BE54-9A1E7A4F7556}") = "ViewModel", "ViewModel\ViewModel.csproj", "{58B94397-2A5E-408E-AC37-F7A2D08854C9}"
EndProject
Project("{2150E333-8FDC-42A3-9474-1A3956D46DE8}") = "Tests", "Tests", "{25D00196-B4D7-4233-A43C-C0FEB28B0502}"
EndProject
Project("{FAE04EC0-301F-11D3-BF4B-00C04F79EFBC}") = "DataTests", "DataTests\DataTests.csproj", "{AEE2E7A1-349D-42D2-9A35-3F9335977FF7}"
EndProject
Project("{FAE04EC0-301F-11D3-BF4B-00C04F79EFBC}") = "LogicTests", "LogicTests\LogicTests.csproj", "{89050EAB-A039-4376-8D20-5F345A077A34}"
EndProject
Global
	GlobalSection(SolutionConfigurationPlatforms) = preSolution
		Debug|Any CPU = Debug|Any CPU
		Release|Any CPU = Release|Any CPU
	EndGlobalSection
	GlobalSection(ProjectConfigurationPlatforms) = postSolution
		{82D7ACFF-C594-4062-9B56-B19EC5458168}.Debug|Any CPU.ActiveCfg = Debug|Any CPU
		{82D7ACFF-C594-4062-9B56-B19EC5458168}.Debug|Any CPU.Build.0 = Debug|Any CPU
		{82D7ACFF-C594-4062-9B56-B19EC5458168}.Release|Any CPU.ActiveCfg = Release|Any CPU
		{82D7ACFF-C594-4062-9B56-B19EC5458168}.Release|Any CPU.Build.0 = Release|Any CPU
		{8008C85C-ECC7-47D8-911C-02D1223EF0B2}.Debug|Any CPU.ActiveCfg = Debug|Any CPU
		{8008C85C-ECC7-47D8-911C-02D1223EF0B2}.Debug|Any CPU.Build.0 = Debug|Any CPU
		{8008C85C-ECC7-47D8-911C-02D1223EF0B2}.Release|Any CPU.ActiveCfg = Release|Any CPU
		{8008C85C-ECC7-47D8-911C-02D1223EF0B2}.Release|Any CPU.Build.0 = Release|Any CPU
		{D0FA6D12-A106-43C9-81A8-A317A9C7987E}.Debug|Any CPU.ActiveCfg = Debug|Any CPU
		{D0FA6D12-A106-43C9-81A8-A317A9C7987E}.Debug|Any CPU.Build.0 = Debug|Any CPU
		{D0FA6D12-A106-43C9-81A8-A317A9C7987E}.Release|Any CPU.ActiveCfg = Release|Any CPU
		{D0FA6D12-A106-43C9-81A8-A317A9C7987E}.Release|Any CPU.Build.0 = Release|Any CPU
		{F24BD2E7-FAA2-427B-ABEA-02D1243273AA}.Debug|Any CPU.ActiveCfg = Debug|Any CPU
		{F24BD2E7-FAA2-427B-ABEA-02D1243273AA}.Debug|Any CPU.Build.0 = Debug|Any CPU
		{F24BD2E7-FAA2-427B-ABEA-02D1243273AA}.Release|Any CPU.ActiveCfg = Release|Any CPU
		{F24BD2E7-FAA2-427B-ABEA-02D1243273AA}.Release|Any CPU.Build.0 = Release|Any CPU
		{58B94397-2A5E-408E-AC37-F7A2D08854C9}.Debug|Any CPU.ActiveCfg = Debug|Any CPU
		{58B94397-2A5E-408E-AC37-F7A2D08854C9}.Debug|Any CPU.Build.0 = Debug|Any CPU
		{58B94397-2A5E-408E-AC37-F7A2D08854C9}.Release|Any CPU.ActiveCfg = Release|Any CPU
		{58B94397-2A5E-408E-AC37-F7A2D08854C9}.Release|Any CPU.Build.0 = Release|Any CPU
		{AEE2E7A1-349D-42D2-9A35-3F9335977FF7}.Debug|Any CPU.ActiveCfg = Debug|Any CPU
		{AEE2E7A1-349D-42D2-9A35-3F9335977FF7}.Debug|Any CPU.Build.0 = Debug|Any CPU
		{AEE2E7A1-349D-42D2-9A35-3F9335977FF7}.Release|Any CPU.ActiveCfg = Release|Any CPU
		{AEE2E7A1-349D-42D2-9A35-3F9335977FF7}.Release|Any CPU.Build.0 = Release|Any CPU
		{89050EAB-A039-4376-8D20-5F345A077A34}.Debug|Any CPU.ActiveCfg = Debug|Any CPU
		{89050EAB-A039-4376-8D20-5F345A077A34}.Debug|Any CPU.Build.0 = Debug|Any CPU
		{89050EAB-A039-4376-8D20-5F345A077A34}.Release|Any CPU.ActiveCfg = Release|Any CPU
		{89050EAB-A039-4376-8D20-5F345A077A34}.Release|Any CPU.Build.0 = Release|Any CPU
	EndGlobalSection
	GlobalSection(SolutionProperties) = preSolution
		HideSolutionNode = FALSE
	EndGlobalSection
	GlobalSection(NestedProjects) = preSolution
		{AEE2E7A1-349D-42D2-9A35-3F9335977FF7} = {25D00196-B4D7-4233-A43C-C0FEB28B0502}
		{89050EAB-A039-4376-8D20-5F345A077A34} = {25D00196-B4D7-4233-A43C-C0FEB28B0502}
	EndGlobalSection
	GlobalSection(ExtensibilityGlobals) = postSolution
		SolutionGuid = {6F50CBB2-A521-4E9B-8001-8950AEF742D5}
	EndGlobalSection
EndGlobal
