
Microsoft Visual Studio Solution File, Format Version 12.00
# Visual Studio Version 17
VisualStudioVersion = 17.5.33424.131
MinimumVisualStudioVersion = 10.0.40219.1
Project("{9A19103F-16F7-4668-BE54-9A1E7A4F7556}") = "SampleProgram", "SampleProgram\SampleProgram.csproj", "{B894667B-56BB-4B5D-8F98-A7F8A47B70A5}"
EndProject
Project("{FAE04EC0-301F-11D3-BF4B-00C04F79EFBC}") = "SampleTest", "SampleTest\SampleTest.csproj", "{3D21F65D-6984-49A5-AED7-F27690BB7B7B}"
EndProject
Global
	GlobalSection(SolutionConfigurationPlatforms) = preSolution
		Debug|Any CPU = Debug|Any CPU
		Release|Any CPU = Release|Any CPU
	EndGlobalSection
	GlobalSection(ProjectConfigurationPlatforms) = postSolution
		{B894667B-56BB-4B5D-8F98-A7F8A47B70A5}.Debug|Any CPU.ActiveCfg = Debug|Any CPU
		{B894667B-56BB-4B5D-8F98-A7F8A47B70A5}.Debug|Any CPU.Build.0 = Debug|Any CPU
		{B894667B-56BB-4B5D-8F98-A7F8A47B70A5}.Release|Any CPU.ActiveCfg = Release|Any CPU
		{B894667B-56BB-4B5D-8F98-A7F8A47B70A5}.Release|Any CPU.Build.0 = Release|Any CPU
		{3D21F65D-6984-49A5-AED7-F27690BB7B7B}.Debug|Any CPU.ActiveCfg = Debug|Any CPU
		{3D21F65D-6984-49A5-AED7-F27690BB7B7B}.Debug|Any CPU.Build.0 = Debug|Any CPU
		{3D21F65D-6984-49A5-AED7-F27690BB7B7B}.Release|Any CPU.ActiveCfg = Release|Any CPU
		{3D21F65D-6984-49A5-AED7-F27690BB7B7B}.Release|Any CPU.Build.0 = Release|Any CPU
	EndGlobalSection
	GlobalSection(SolutionProperties) = preSolution
		HideSolutionNode = FALSE
	EndGlobalSection
	GlobalSection(ExtensibilityGlobals) = postSolution
		SolutionGuid = {CBC111E5-D455-413E-9C5C-E0681377966D}
	EndGlobalSection
EndGlobal
